
Microsoft Visual Studio Solution File, Format Version 12.00
# Visual Studio Version 17
VisualStudioVersion = 17.14.37531.7 d17.14
MinimumVisualStudioVersion = 10.0.40219.1
Project("{FAE04EC0-301F-11D3-BF4B-00C04F79EFBC}") = "Hotel_App-050", "Hotel_App-050.csproj", "{AF5A9C07-5B45-4ECA-AF10-65E7253C64AB}"
EndProject
Global
	GlobalSection(SolutionConfigurationPlatforms) = preSolution
		Debug|Any CPU = Debug|Any CPU
		Release|Any CPU = Release|Any CPU
	EndGlobalSection
	GlobalSection(ProjectConfigurationPlatforms) = postSolution
		{AF5A9C07-5B45-4ECA-AF10-65E7253C64AB}.Debug|Any CPU.ActiveCfg = Debug|Any CPU
		{AF5A9C07-5B45-4ECA-AF10-65E7253C64AB}.Debug|Any CPU.Build.0 = Debug|Any CPU
		{AF5A9C07-5B45-4ECA-AF10-65E7253C64AB}.Release|Any CPU.ActiveCfg = Release|Any CPU
		{AF5A9C07-5B45-4ECA-AF10-65E7253C64AB}.Release|Any CPU.Build.0 = Release|Any CPU
	EndGlobalSection
	GlobalSection(SolutionProperties) = preSolution
		HideSolutionNode = FALSE
	EndGlobalSection
	GlobalSection(ExtensibilityGlobals) = postSolution
		SolutionGuid = {0B3DDEF8-37D9-4571-8353-AEDFC20BD4B3}
	EndGlobalSection
EndGlobal
